// !$*UTF8*$!
{
	archiveVersion = 1;
	classes = {
	};
	objectVersion = 55;
	objects = {

/* Begin PBXBuildFile section */
		3F1FEF0D28D137DE0041D60F /* Tagged in Frameworks */ = {isa = PBXBuildFile; productRef = 3F1FEF0C28D137DE0041D60F /* Tagged */; };
		3F1FEF1028D13B190041D60F /* String+Identifiable.swift in Sources */ = {isa = PBXBuildFile; fileRef = 3F1FEF0F28D13B190041D60F /* String+Identifiable.swift */; };
		3F76013F28723739005AF962 /* DewApp.swift in Sources */ = {isa = PBXBuildFile; fileRef = 3F76013E28723739005AF962 /* DewApp.swift */; };
		3F76014128723739005AF962 /* ContentView.swift in Sources */ = {isa = PBXBuildFile; fileRef = 3F76014028723739005AF962 /* ContentView.swift */; };
		3F7601432872373B005AF962 /* Assets.xcassets in Resources */ = {isa = PBXBuildFile; fileRef = 3F7601422872373B005AF962 /* Assets.xcassets */; };
		3F7601462872373B005AF962 /* Preview Assets.xcassets in Resources */ = {isa = PBXBuildFile; fileRef = 3F7601452872373B005AF962 /* Preview Assets.xcassets */; };
		3F7601512872373B005AF962 /* DewTests.swift in Sources */ = {isa = PBXBuildFile; fileRef = 3F7601502872373B005AF962 /* DewTests.swift */; };
		3F76015B2872373B005AF962 /* DewUITests.swift in Sources */ = {isa = PBXBuildFile; fileRef = 3F76015A2872373B005AF962 /* DewUITests.swift */; };
		3F76015D2872373B005AF962 /* DewUITestsLaunchTests.swift in Sources */ = {isa = PBXBuildFile; fileRef = 3F76015C2872373B005AF962 /* DewUITestsLaunchTests.swift */; };
		3F76016D28723CF4005AF962 /* HomeView.swift in Sources */ = {isa = PBXBuildFile; fileRef = 3F76016C28723CF4005AF962 /* HomeView.swift */; };
		3F76016F28723E36005AF962 /* Gateway.swift in Sources */ = {isa = PBXBuildFile; fileRef = 3F76016E28723E36005AF962 /* Gateway.swift */; };
		3F76017428724265005AF962 /* Article.swift in Sources */ = {isa = PBXBuildFile; fileRef = 3F76017328724265005AF962 /* Article.swift */; };
		3F7601762872445F005AF962 /* User.swift in Sources */ = {isa = PBXBuildFile; fileRef = 3F7601752872445F005AF962 /* User.swift */; };
		3F7601782872453C005AF962 /* Organization.swift in Sources */ = {isa = PBXBuildFile; fileRef = 3F7601772872453C005AF962 /* Organization.swift */; };
		3F76017A2872457F005AF962 /* FlareTag.swift in Sources */ = {isa = PBXBuildFile; fileRef = 3F7601792872457F005AF962 /* FlareTag.swift */; };
/* End PBXBuildFile section */

/* Begin PBXContainerItemProxy section */
		3F76014D2872373B005AF962 /* PBXContainerItemProxy */ = {
			isa = PBXContainerItemProxy;
			containerPortal = 3F76013328723739005AF962 /* Project object */;
			proxyType = 1;
			remoteGlobalIDString = 3F76013A28723739005AF962;
			remoteInfo = Dew;
		};
		3F7601572872373B005AF962 /* PBXContainerItemProxy */ = {
			isa = PBXContainerItemProxy;
			containerPortal = 3F76013328723739005AF962 /* Project object */;
			proxyType = 1;
			remoteGlobalIDString = 3F76013A28723739005AF962;
			remoteInfo = Dew;
		};
/* End PBXContainerItemProxy section */

/* Begin PBXFileReference section */
		3F1FEF0F28D13B190041D60F /* String+Identifiable.swift */ = {isa = PBXFileReference; lastKnownFileType = sourcecode.swift; path = "String+Identifiable.swift"; sourceTree = "<group>"; };
		3F76013B28723739005AF962 /* Dew.app */ = {isa = PBXFileReference; explicitFileType = wrapper.application; includeInIndex = 0; path = Dew.app; sourceTree = BUILT_PRODUCTS_DIR; };
		3F76013E28723739005AF962 /* DewApp.swift */ = {isa = PBXFileReference; lastKnownFileType = sourcecode.swift; path = DewApp.swift; sourceTree = "<group>"; };
		3F76014028723739005AF962 /* ContentView.swift */ = {isa = PBXFileReference; lastKnownFileType = sourcecode.swift; path = ContentView.swift; sourceTree = "<group>"; };
		3F7601422872373B005AF962 /* Assets.xcassets */ = {isa = PBXFileReference; lastKnownFileType = folder.assetcatalog; path = Assets.xcassets; sourceTree = "<group>"; };
		3F7601452872373B005AF962 /* Preview Assets.xcassets */ = {isa = PBXFileReference; lastKnownFileType = folder.assetcatalog; path = "Preview Assets.xcassets"; sourceTree = "<group>"; };
		3F7601472872373B005AF962 /* Dew.entitlements */ = {isa = PBXFileReference; lastKnownFileType = text.plist.entitlements; path = Dew.entitlements; sourceTree = "<group>"; };
		3F76014C2872373B005AF962 /* DewTests.xctest */ = {isa = PBXFileReference; explicitFileType = wrapper.cfbundle; includeInIndex = 0; path = DewTests.xctest; sourceTree = BUILT_PRODUCTS_DIR; };
		3F7601502872373B005AF962 /* DewTests.swift */ = {isa = PBXFileReference; lastKnownFileType = sourcecode.swift; path = DewTests.swift; sourceTree = "<group>"; };
		3F7601562872373B005AF962 /* DewUITests.xctest */ = {isa = PBXFileReference; explicitFileType = wrapper.cfbundle; includeInIndex = 0; path = DewUITests.xctest; sourceTree = BUILT_PRODUCTS_DIR; };
		3F76015A2872373B005AF962 /* DewUITests.swift */ = {isa = PBXFileReference; lastKnownFileType = sourcecode.swift; path = DewUITests.swift; sourceTree = "<group>"; };
		3F76015C2872373B005AF962 /* DewUITestsLaunchTests.swift */ = {isa = PBXFileReference; lastKnownFileType = sourcecode.swift; path = DewUITestsLaunchTests.swift; sourceTree = "<group>"; };
		3F76016C28723CF4005AF962 /* HomeView.swift */ = {isa = PBXFileReference; lastKnownFileType = sourcecode.swift; path = HomeView.swift; sourceTree = "<group>"; };
		3F76016E28723E36005AF962 /* Gateway.swift */ = {isa = PBXFileReference; lastKnownFileType = sourcecode.swift; path = Gateway.swift; sourceTree = "<group>"; };
		3F76017328724265005AF962 /* Article.swift */ = {isa = PBXFileReference; lastKnownFileType = sourcecode.swift; path = Article.swift; sourceTree = "<group>"; };
		3F7601752872445F005AF962 /* User.swift */ = {isa = PBXFileReference; lastKnownFileType = sourcecode.swift; path = User.swift; sourceTree = "<group>"; };
		3F7601772872453C005AF962 /* Organization.swift */ = {isa = PBXFileReference; lastKnownFileType = sourcecode.swift; path = Organization.swift; sourceTree = "<group>"; };
		3F7601792872457F005AF962 /* FlareTag.swift */ = {isa = PBXFileReference; lastKnownFileType = sourcecode.swift; path = FlareTag.swift; sourceTree = "<group>"; };
/* End PBXFileReference section */

/* Begin PBXFrameworksBuildPhase section */
		3F76013828723739005AF962 /* Frameworks */ = {
			isa = PBXFrameworksBuildPhase;
			buildActionMask = 2147483647;
			files = (
				3F1FEF0D28D137DE0041D60F /* Tagged in Frameworks */,
			);
			runOnlyForDeploymentPostprocessing = 0;
		};
		3F7601492872373B005AF962 /* Frameworks */ = {
			isa = PBXFrameworksBuildPhase;
			buildActionMask = 2147483647;
			files = (
			);
			runOnlyForDeploymentPostprocessing = 0;
		};
		3F7601532872373B005AF962 /* Frameworks */ = {
			isa = PBXFrameworksBuildPhase;
			buildActionMask = 2147483647;
			files = (
			);
			runOnlyForDeploymentPostprocessing = 0;
		};
/* End PBXFrameworksBuildPhase section */

/* Begin PBXGroup section */
		3F1FEF0E28D137EA0041D60F /* Utilities */ = {
			isa = PBXGroup;
			children = (
				3F1FEF0F28D13B190041D60F /* String+Identifiable.swift */,
			);
			path = Utilities;
			sourceTree = "<group>";
		};
		3F76013228723739005AF962 = {
			isa = PBXGroup;
			children = (
				3F76013D28723739005AF962 /* Dew */,
				3F76014F2872373B005AF962 /* DewTests */,
				3F7601592872373B005AF962 /* DewUITests */,
				3F76013C28723739005AF962 /* Products */,
			);
			sourceTree = "<group>";
		};
		3F76013C28723739005AF962 /* Products */ = {
			isa = PBXGroup;
			children = (
				3F76013B28723739005AF962 /* Dew.app */,
				3F76014C2872373B005AF962 /* DewTests.xctest */,
				3F7601562872373B005AF962 /* DewUITests.xctest */,
			);
			name = Products;
			sourceTree = "<group>";
		};
		3F76013D28723739005AF962 /* Dew */ = {
			isa = PBXGroup;
			children = (
				3F1FEF0E28D137EA0041D60F /* Utilities */,
				3F76017028723E46005AF962 /* API */,
				3F76013E28723739005AF962 /* DewApp.swift */,
				3F76014028723739005AF962 /* ContentView.swift */,
				3F7601422872373B005AF962 /* Assets.xcassets */,
				3F7601472872373B005AF962 /* Dew.entitlements */,
				3F7601442872373B005AF962 /* Preview Content */,
				3F76016C28723CF4005AF962 /* HomeView.swift */,
			);
			path = Dew;
			sourceTree = "<group>";
		};
		3F7601442872373B005AF962 /* Preview Content */ = {
			isa = PBXGroup;
			children = (
				3F7601452872373B005AF962 /* Preview Assets.xcassets */,
			);
			path = "Preview Content";
			sourceTree = "<group>";
		};
		3F76014F2872373B005AF962 /* DewTests */ = {
			isa = PBXGroup;
			children = (
				3F7601502872373B005AF962 /* DewTests.swift */,
			);
			path = DewTests;
			sourceTree = "<group>";
		};
		3F7601592872373B005AF962 /* DewUITests */ = {
			isa = PBXGroup;
			children = (
				3F76015A2872373B005AF962 /* DewUITests.swift */,
				3F76015C2872373B005AF962 /* DewUITestsLaunchTests.swift */,
			);
			path = DewUITests;
			sourceTree = "<group>";
		};
		3F76017028723E46005AF962 /* API */ = {
			isa = PBXGroup;
			children = (
				3F76016E28723E36005AF962 /* Gateway.swift */,
				3F76017328724265005AF962 /* Article.swift */,
				3F7601752872445F005AF962 /* User.swift */,
				3F7601772872453C005AF962 /* Organization.swift */,
				3F7601792872457F005AF962 /* FlareTag.swift */,
			);
			path = API;
			sourceTree = "<group>";
		};
/* End PBXGroup section */

/* Begin PBXNativeTarget section */
		3F76013A28723739005AF962 /* Dew */ = {
			isa = PBXNativeTarget;
			buildConfigurationList = 3F7601602872373B005AF962 /* Build configuration list for PBXNativeTarget "Dew" */;
			buildPhases = (
				3F76013728723739005AF962 /* Sources */,
				3F76013828723739005AF962 /* Frameworks */,
				3F76013928723739005AF962 /* Resources */,
			);
			buildRules = (
			);
			dependencies = (
			);
			name = Dew;
			packageProductDependencies = (
				3F1FEF0C28D137DE0041D60F /* Tagged */,
			);
			productName = Dew;
			productReference = 3F76013B28723739005AF962 /* Dew.app */;
			productType = "com.apple.product-type.application";
		};
		3F76014B2872373B005AF962 /* DewTests */ = {
			isa = PBXNativeTarget;
			buildConfigurationList = 3F7601632872373B005AF962 /* Build configuration list for PBXNativeTarget "DewTests" */;
			buildPhases = (
				3F7601482872373B005AF962 /* Sources */,
				3F7601492872373B005AF962 /* Frameworks */,
				3F76014A2872373B005AF962 /* Resources */,
			);
			buildRules = (
			);
			dependencies = (
				3F76014E2872373B005AF962 /* PBXTargetDependency */,
			);
			name = DewTests;
			productName = DewTests;
			productReference = 3F76014C2872373B005AF962 /* DewTests.xctest */;
			productType = "com.apple.product-type.bundle.unit-test";
		};
		3F7601552872373B005AF962 /* DewUITests */ = {
			isa = PBXNativeTarget;
			buildConfigurationList = 3F7601662872373B005AF962 /* Build configuration list for PBXNativeTarget "DewUITests" */;
			buildPhases = (
				3F7601522872373B005AF962 /* Sources */,
				3F7601532872373B005AF962 /* Frameworks */,
				3F7601542872373B005AF962 /* Resources */,
			);
			buildRules = (
			);
			dependencies = (
				3F7601582872373B005AF962 /* PBXTargetDependency */,
			);
			name = DewUITests;
			productName = DewUITests;
			productReference = 3F7601562872373B005AF962 /* DewUITests.xctest */;
			productType = "com.apple.product-type.bundle.ui-testing";
		};
/* End PBXNativeTarget section */

/* Begin PBXProject section */
		3F76013328723739005AF962 /* Project object */ = {
			isa = PBXProject;
			attributes = {
				BuildIndependentTargetsInParallel = 1;
				LastSwiftUpdateCheck = 1340;
				LastUpgradeCheck = 1340;
				TargetAttributes = {
					3F76013A28723739005AF962 = {
						CreatedOnToolsVersion = 13.4.1;
					};
					3F76014B2872373B005AF962 = {
						CreatedOnToolsVersion = 13.4.1;
						TestTargetID = 3F76013A28723739005AF962;
					};
					3F7601552872373B005AF962 = {
						CreatedOnToolsVersion = 13.4.1;
						TestTargetID = 3F76013A28723739005AF962;
					};
				};
			};
			buildConfigurationList = 3F76013628723739005AF962 /* Build configuration list for PBXProject "Dew" */;
			compatibilityVersion = "Xcode 13.0";
			developmentRegion = en;
			hasScannedForEncodings = 0;
			knownRegions = (
				en,
				Base,
			);
			mainGroup = 3F76013228723739005AF962;
			packageReferences = (
				3F1FEF0B28D137DE0041D60F /* XCRemoteSwiftPackageReference "swift-tagged" */,
			);
			productRefGroup = 3F76013C28723739005AF962 /* Products */;
			projectDirPath = "";
			projectRoot = "";
			targets = (
				3F76013A28723739005AF962 /* Dew */,
				3F76014B2872373B005AF962 /* DewTests */,
				3F7601552872373B005AF962 /* DewUITests */,
			);
		};
/* End PBXProject section */

/* Begin PBXResourcesBuildPhase section */
		3F76013928723739005AF962 /* Resources */ = {
			isa = PBXResourcesBuildPhase;
			buildActionMask = 2147483647;
			files = (
				3F7601462872373B005AF962 /* Preview Assets.xcassets in Resources */,
				3F7601432872373B005AF962 /* Assets.xcassets in Resources */,
			);
			runOnlyForDeploymentPostprocessing = 0;
		};
		3F76014A2872373B005AF962 /* Resources */ = {
			isa = PBXResourcesBuildPhase;
			buildActionMask = 2147483647;
			files = (
			);
			runOnlyForDeploymentPostprocessing = 0;
		};
		3F7601542872373B005AF962 /* Resources */ = {
			isa = PBXResourcesBuildPhase;
			buildActionMask = 2147483647;
			files = (
			);
			runOnlyForDeploymentPostprocessing = 0;
		};
/* End PBXResourcesBuildPhase section */

/* Begin PBXSourcesBuildPhase section */
		3F76013728723739005AF962 /* Sources */ = {
			isa = PBXSourcesBuildPhase;
			buildActionMask = 2147483647;
			files = (
				3F76016D28723CF4005AF962 /* HomeView.swift in Sources */,
				3F76014128723739005AF962 /* ContentView.swift in Sources */,
				3F1FEF1028D13B190041D60F /* String+Identifiable.swift in Sources */,
				3F7601762872445F005AF962 /* User.swift in Sources */,
				3F76016F28723E36005AF962 /* Gateway.swift in Sources */,
				3F7601782872453C005AF962 /* Organization.swift in Sources */,
				3F76013F28723739005AF962 /* DewApp.swift in Sources */,
				3F76017428724265005AF962 /* Article.swift in Sources */,
				3F76017A2872457F005AF962 /* FlareTag.swift in Sources */,
			);
			runOnlyForDeploymentPostprocessing = 0;
		};
		3F7601482872373B005AF962 /* Sources */ = {
			isa = PBXSourcesBuildPhase;
			buildActionMask = 2147483647;
			files = (
				3F7601512872373B005AF962 /* DewTests.swift in Sources */,
			);
			runOnlyForDeploymentPostprocessing = 0;
		};
		3F7601522872373B005AF962 /* Sources */ = {
			isa = PBXSourcesBuildPhase;
			buildActionMask = 2147483647;
			files = (
				3F76015B2872373B005AF962 /* DewUITests.swift in Sources */,
				3F76015D2872373B005AF962 /* DewUITestsLaunchTests.swift in Sources */,
			);
			runOnlyForDeploymentPostprocessing = 0;
		};
/* End PBXSourcesBuildPhase section */

/* Begin PBXTargetDependency section */
		3F76014E2872373B005AF962 /* PBXTargetDependency */ = {
			isa = PBXTargetDependency;
			target = 3F76013A28723739005AF962 /* Dew */;
			targetProxy = 3F76014D2872373B005AF962 /* PBXContainerItemProxy */;
		};
		3F7601582872373B005AF962 /* PBXTargetDependency */ = {
			isa = PBXTargetDependency;
			target = 3F76013A28723739005AF962 /* Dew */;
			targetProxy = 3F7601572872373B005AF962 /* PBXContainerItemProxy */;
		};
/* End PBXTargetDependency section */

/* Begin XCBuildConfiguration section */
		3F76015E2872373B005AF962 /* Debug */ = {
			isa = XCBuildConfiguration;
			buildSettings = {
				ALWAYS_SEARCH_USER_PATHS = NO;
				CLANG_ANALYZER_NONNULL = YES;
				CLANG_ANALYZER_NUMBER_OBJECT_CONVERSION = YES_AGGRESSIVE;
				CLANG_CXX_LANGUAGE_STANDARD = "gnu++17";
				CLANG_ENABLE_MODULES = YES;
				CLANG_ENABLE_OBJC_ARC = YES;
				CLANG_ENABLE_OBJC_WEAK = YES;
				CLANG_WARN_BLOCK_CAPTURE_AUTORELEASING = YES;
				CLANG_WARN_BOOL_CONVERSION = YES;
				CLANG_WARN_COMMA = YES;
				CLANG_WARN_CONSTANT_CONVERSION = YES;
				CLANG_WARN_DEPRECATED_OBJC_IMPLEMENTATIONS = YES;
				CLANG_WARN_DIRECT_OBJC_ISA_USAGE = YES_ERROR;
				CLANG_WARN_DOCUMENTATION_COMMENTS = YES;
				CLANG_WARN_EMPTY_BODY = YES;
				CLANG_WARN_ENUM_CONVERSION = YES;
				CLANG_WARN_INFINITE_RECURSION = YES;
				CLANG_WARN_INT_CONVERSION = YES;
				CLANG_WARN_NON_LITERAL_NULL_CONVERSION = YES;
				CLANG_WARN_OBJC_IMPLICIT_RETAIN_SELF = YES;
				CLANG_WARN_OBJC_LITERAL_CONVERSION = YES;
				CLANG_WARN_OBJC_ROOT_CLASS = YES_ERROR;
				CLANG_WARN_QUOTED_INCLUDE_IN_FRAMEWORK_HEADER = YES;
				CLANG_WARN_RANGE_LOOP_ANALYSIS = YES;
				CLANG_WARN_STRICT_PROTOTYPES = YES;
				CLANG_WARN_SUSPICIOUS_MOVE = YES;
				CLANG_WARN_UNGUARDED_AVAILABILITY = YES_AGGRESSIVE;
				CLANG_WARN_UNREACHABLE_CODE = YES;
				CLANG_WARN__DUPLICATE_METHOD_MATCH = YES;
				COPY_PHASE_STRIP = NO;
				DEBUG_INFORMATION_FORMAT = dwarf;
				ENABLE_STRICT_OBJC_MSGSEND = YES;
				ENABLE_TESTABILITY = YES;
				GCC_C_LANGUAGE_STANDARD = gnu11;
				GCC_DYNAMIC_NO_PIC = NO;
				GCC_NO_COMMON_BLOCKS = YES;
				GCC_OPTIMIZATION_LEVEL = 0;
				GCC_PREPROCESSOR_DEFINITIONS = (
					"DEBUG=1",
					"$(inherited)",
				);
				GCC_WARN_64_TO_32_BIT_CONVERSION = YES;
				GCC_WARN_ABOUT_RETURN_TYPE = YES_ERROR;
				GCC_WARN_UNDECLARED_SELECTOR = YES;
				GCC_WARN_UNINITIALIZED_AUTOS = YES_AGGRESSIVE;
				GCC_WARN_UNUSED_FUNCTION = YES;
				GCC_WARN_UNUSED_VARIABLE = YES;
				MACOSX_DEPLOYMENT_TARGET = 12.3;
				MTL_ENABLE_DEBUG_INFO = INCLUDE_SOURCE;
				MTL_FAST_MATH = YES;
				ONLY_ACTIVE_ARCH = YES;
				SDKROOT = macosx;
				SWIFT_ACTIVE_COMPILATION_CONDITIONS = DEBUG;
				SWIFT_OPTIMIZATION_LEVEL = "-Onone";
			};
			name = Debug;
		};
		3F76015F2872373B005AF962 /* Release */ = {
			isa = XCBuildConfiguration;
			buildSettings = {
				ALWAYS_SEARCH_USER_PATHS = NO;
				CLANG_ANALYZER_NONNULL = YES;
				CLANG_ANALYZER_NUMBER_OBJECT_CONVERSION = YES_AGGRESSIVE;
				CLANG_CXX_LANGUAGE_STANDARD = "gnu++17";
				CLANG_ENABLE_MODULES = YES;
				CLANG_ENABLE_OBJC_ARC = YES;
				CLANG_ENABLE_OBJC_WEAK = YES;
				CLANG_WARN_BLOCK_CAPTURE_AUTORELEASING = YES;
				CLANG_WARN_BOOL_CONVERSION = YES;
				CLANG_WARN_COMMA = YES;
				CLANG_WARN_CONSTANT_CONVERSION = YES;
				CLANG_WARN_DEPRECATED_OBJC_IMPLEMENTATIONS = YES;
				CLANG_WARN_DIRECT_OBJC_ISA_USAGE = YES_ERROR;
				CLANG_WARN_DOCUMENTATION_COMMENTS = YES;
				CLANG_WARN_EMPTY_BODY = YES;
				CLANG_WARN_ENUM_CONVERSION = YES;
				CLANG_WARN_INFINITE_RECURSION = YES;
				CLANG_WARN_INT_CONVERSION = YES;
				CLANG_WARN_NON_LITERAL_NULL_CONVERSION = YES;
				CLANG_WARN_OBJC_IMPLICIT_RETAIN_SELF = YES;
				CLANG_WARN_OBJC_LITERAL_CONVERSION = YES;
				CLANG_WARN_OBJC_ROOT_CLASS = YES_ERROR;
				CLANG_WARN_QUOTED_INCLUDE_IN_FRAMEWORK_HEADER = YES;
				CLANG_WARN_RANGE_LOOP_ANALYSIS = YES;
				CLANG_WARN_STRICT_PROTOTYPES = YES;
				CLANG_WARN_SUSPICIOUS_MOVE = YES;
				CLANG_WARN_UNGUARDED_AVAILABILITY = YES_AGGRESSIVE;
				CLANG_WARN_UNREACHABLE_CODE = YES;
				CLANG_WARN__DUPLICATE_METHOD_MATCH = YES;
				COPY_PHASE_STRIP = NO;
				DEBUG_INFORMATION_FORMAT = "dwarf-with-dsym";
				ENABLE_NS_ASSERTIONS = NO;
				ENABLE_STRICT_OBJC_MSGSEND = YES;
				GCC_C_LANGUAGE_STANDARD = gnu11;
				GCC_NO_COMMON_BLOCKS = YES;
				GCC_WARN_64_TO_32_BIT_CONVERSION = YES;
				GCC_WARN_ABOUT_RETURN_TYPE = YES_ERROR;
				GCC_WARN_UNDECLARED_SELECTOR = YES;
				GCC_WARN_UNINITIALIZED_AUTOS = YES_AGGRESSIVE;
				GCC_WARN_UNUSED_FUNCTION = YES;
				GCC_WARN_UNUSED_VARIABLE = YES;
				MACOSX_DEPLOYMENT_TARGET = 12.3;
				MTL_ENABLE_DEBUG_INFO = NO;
				MTL_FAST_MATH = YES;
				SDKROOT = macosx;
				SWIFT_COMPILATION_MODE = wholemodule;
				SWIFT_OPTIMIZATION_LEVEL = "-O";
			};
			name = Release;
		};
		3F7601612872373B005AF962 /* Debug */ = {
			isa = XCBuildConfiguration;
			buildSettings = {
				ASSETCATALOG_COMPILER_APPICON_NAME = AppIcon;
				ASSETCATALOG_COMPILER_GLOBAL_ACCENT_COLOR_NAME = AccentColor;
				CODE_SIGN_ENTITLEMENTS = Dew/Dew.entitlements;
				CODE_SIGN_STYLE = Automatic;
				COMBINE_HIDPI_IMAGES = YES;
				CURRENT_PROJECT_VERSION = 1;
				DEVELOPMENT_ASSET_PATHS = "\"Dew/Preview Content\"";
				DEVELOPMENT_TEAM = 72ZL2MVL6C;
				ENABLE_HARDENED_RUNTIME = YES;
				ENABLE_PREVIEWS = YES;
				GENERATE_INFOPLIST_FILE = YES;
				INFOPLIST_KEY_NSHumanReadableCopyright = "";
				LD_RUNPATH_SEARCH_PATHS = (
					"$(inherited)",
					"@executable_path/../Frameworks",
				);
				MARKETING_VERSION = 1.0;
				PRODUCT_BUNDLE_IDENTIFIER = com.rutins.Dew;
				PRODUCT_NAME = "$(TARGET_NAME)";
				SWIFT_EMIT_LOC_STRINGS = YES;
				SWIFT_VERSION = 5.0;
			};
			name = Debug;
		};
		3F7601622872373B005AF962 /* Release */ = {
			isa = XCBuildConfiguration;
			buildSettings = {
				ASSETCATALOG_COMPILER_APPICON_NAME = AppIcon;
				ASSETCATALOG_COMPILER_GLOBAL_ACCENT_COLOR_NAME = AccentColor;
				CODE_SIGN_ENTITLEMENTS = Dew/Dew.entitlements;
				CODE_SIGN_STYLE = Automatic;
				COMBINE_HIDPI_IMAGES = YES;
				CURRENT_PROJECT_VERSION = 1;
				DEVELOPMENT_ASSET_PATHS = "\"Dew/Preview Content\"";
				DEVELOPMENT_TEAM = 72ZL2MVL6C;
				ENABLE_HARDENED_RUNTIME = YES;
				ENABLE_PREVIEWS = YES;
				GENERATE_INFOPLIST_FILE = YES;
				INFOPLIST_KEY_NSHumanReadableCopyright = "";
				LD_RUNPATH_SEARCH_PATHS = (
					"$(inherited)",
					"@executable_path/../Frameworks",
				);
				MARKETING_VERSION = 1.0;
				PRODUCT_BUNDLE_IDENTIFIER = com.rutins.Dew;
				PRODUCT_NAME = "$(TARGET_NAME)";
				SWIFT_EMIT_LOC_STRINGS = YES;
				SWIFT_VERSION = 5.0;
			};
			name = Release;
		};
		3F7601642872373B005AF962 /* Debug */ = {
			isa = XCBuildConfiguration;
			buildSettings = {
				ALWAYS_EMBED_SWIFT_STANDARD_LIBRARIES = YES;
				BUNDLE_LOADER = "$(TEST_HOST)";
				CODE_SIGN_STYLE = Automatic;
				CURRENT_PROJECT_VERSION = 1;
				DEVELOPMENT_TEAM = 72ZL2MVL6C;
				GENERATE_INFOPLIST_FILE = YES;
				MACOSX_DEPLOYMENT_TARGET = 12.3;
				MARKETING_VERSION = 1.0;
				PRODUCT_BUNDLE_IDENTIFIER = com.rutins.DewTests;
				PRODUCT_NAME = "$(TARGET_NAME)";
				SWIFT_EMIT_LOC_STRINGS = NO;
				SWIFT_VERSION = 5.0;
				TEST_HOST = "$(BUILT_PRODUCTS_DIR)/Dew.app/Contents/MacOS/Dew";
			};
			name = Debug;
		};
		3F7601652872373B005AF962 /* Release */ = {
			isa = XCBuildConfiguration;
			buildSettings = {
				ALWAYS_EMBED_SWIFT_STANDARD_LIBRARIES = YES;
				BUNDLE_LOADER = "$(TEST_HOST)";
				CODE_SIGN_STYLE = Automatic;
				CURRENT_PROJECT_VERSION = 1;
				DEVELOPMENT_TEAM = 72ZL2MVL6C;
				GENERATE_INFOPLIST_FILE = YES;
				MACOSX_DEPLOYMENT_TARGET = 12.3;
				MARKETING_VERSION = 1.0;
				PRODUCT_BUNDLE_IDENTIFIER = com.rutins.DewTests;
				PRODUCT_NAME = "$(TARGET_NAME)";
				SWIFT_EMIT_LOC_STRINGS = NO;
				SWIFT_VERSION = 5.0;
				TEST_HOST = "$(BUILT_PRODUCTS_DIR)/Dew.app/Contents/MacOS/Dew";
			};
			name = Release;
		};
		3F7601672872373B005AF962 /* Debug */ = {
			isa = XCBuildConfiguration;
			buildSettings = {
				ALWAYS_EMBED_SWIFT_STANDARD_LIBRARIES = YES;
				CODE_SIGN_STYLE = Automatic;
				CURRENT_PROJECT_VERSION = 1;
				DEVELOPMENT_TEAM = 72ZL2MVL6C;
				GENERATE_INFOPLIST_FILE = YES;
				MARKETING_VERSION = 1.0;
				PRODUCT_BUNDLE_IDENTIFIER = com.rutins.DewUITests;
				PRODUCT_NAME = "$(TARGET_NAME)";
				SWIFT_EMIT_LOC_STRINGS = NO;
				SWIFT_VERSION = 5.0;
				TEST_TARGET_NAME = Dew;
			};
			name = Debug;
		};
		3F7601682872373B005AF962 /* Release */ = {
			isa = XCBuildConfiguration;
			buildSettings = {
				ALWAYS_EMBED_SWIFT_STANDARD_LIBRARIES = YES;
				CODE_SIGN_STYLE = Automatic;
				CURRENT_PROJECT_VERSION = 1;
				DEVELOPMENT_TEAM = 72ZL2MVL6C;
				GENERATE_INFOPLIST_FILE = YES;
				MARKETING_VERSION = 1.0;
				PRODUCT_BUNDLE_IDENTIFIER = com.rutins.DewUITests;
				PRODUCT_NAME = "$(TARGET_NAME)";
				SWIFT_EMIT_LOC_STRINGS = NO;
				SWIFT_VERSION = 5.0;
				TEST_TARGET_NAME = Dew;
			};
			name = Release;
		};
/* End XCBuildConfiguration section */

/* Begin XCConfigurationList section */
		3F76013628723739005AF962 /* Build configuration list for PBXProject "Dew" */ = {
			isa = XCConfigurationList;
			buildConfigurations = (
				3F76015E2872373B005AF962 /* Debug */,
				3F76015F2872373B005AF962 /* Release */,
			);
			defaultConfigurationIsVisible = 0;
			defaultConfigurationName = Release;
		};
		3F7601602872373B005AF962 /* Build configuration list for PBXNativeTarget "Dew" */ = {
			isa = XCConfigurationList;
			buildConfigurations = (
				3F7601612872373B005AF962 /* Debug */,
				3F7601622872373B005AF962 /* Release */,
			);
			defaultConfigurationIsVisible = 0;
			defaultConfigurationName = Release;
		};
		3F7601632872373B005AF962 /* Build configuration list for PBXNativeTarget "DewTests" */ = {
			isa = XCConfigurationList;
			buildConfigurations = (
				3F7601642872373B005AF962 /* Debug */,
				3F7601652872373B005AF962 /* Release */,
			);
			defaultConfigurationIsVisible = 0;
			defaultConfigurationName = Release;
		};
		3F7601662872373B005AF962 /* Build configuration list for PBXNativeTarget "DewUITests" */ = {
			isa = XCConfigurationList;
			buildConfigurations = (
				3F7601672872373B005AF962 /* Debug */,
				3F7601682872373B005AF962 /* Release */,
			);
			defaultConfigurationIsVisible = 0;
			defaultConfigurationName = Release;
		};
/* End XCConfigurationList section */

/* Begin XCRemoteSwiftPackageReference section */
		3F1FEF0B28D137DE0041D60F /* XCRemoteSwiftPackageReference "swift-tagged" */ = {
			isa = XCRemoteSwiftPackageReference;
			repositoryURL = "https://github.com/pointfreeco/swift-tagged";
			requirement = {
				kind = upToNextMinorVersion;
				minimumVersion = 0.7.0;
			};
		};
/* End XCRemoteSwiftPackageReference section */

/* Begin XCSwiftPackageProductDependency section */
		3F1FEF0C28D137DE0041D60F /* Tagged */ = {
			isa = XCSwiftPackageProductDependency;
			package = 3F1FEF0B28D137DE0041D60F /* XCRemoteSwiftPackageReference "swift-tagged" */;
			productName = Tagged;
		};
/* End XCSwiftPackageProductDependency section */
	};
	rootObject = 3F76013328723739005AF962 /* Project object */;
}
